
Microsoft Visual Studio Solution File, Format Version 12.00
# Visual Studio Version 17
VisualStudioVersion = 17.3.32819.101
MinimumVisualStudioVersion = 10.0.40219.1
Project("{FAE04EC0-301F-11D3-BF4B-00C04F79EFBC}") = "ANKETA", "ANKETA\ANKETA.csproj", "{9ACBBAF8-032B-4C8E-AB84-577B2583AA92}"
EndProject
Project("{FAE04EC0-301F-11D3-BF4B-00C04F79EFBC}") = "INDEXMass", "INDEXMass\INDEXMass.csproj", "{307D2380-706D-4ACD-B70F-038042FC542F}"
EndProject
Project("{FAE04EC0-301F-11D3-BF4B-00C04F79EFBC}") = "Koordinat", "Koordinat\Koordinat.csproj", "{0C53A6F4-C201-4F9C-A897-412C2B36798F}"
EndProject
Global
	GlobalSection(SolutionConfigurationPlatforms) = preSolution
		Debug|Any CPU = Debug|Any CPU
		Release|Any CPU = Release|Any CPU
	EndGlobalSection
	GlobalSection(ProjectConfigurationPlatforms) = postSolution
		{9ACBBAF8-032B-4C8E-AB84-577B2583AA92}.Debug|Any CPU.ActiveCfg = Debug|Any CPU
		{9ACBBAF8-032B-4C8E-AB84-577B2583AA92}.Debug|Any CPU.Build.0 = Debug|Any CPU
		{9ACBBAF8-032B-4C8E-AB84-577B2583AA92}.Release|Any CPU.ActiveCfg = Release|Any CPU
		{9ACBBAF8-032B-4C8E-AB84-577B2583AA92}.Release|Any CPU.Build.0 = Release|Any CPU
		{307D2380-706D-4ACD-B70F-038042FC542F}.Debug|Any CPU.ActiveCfg = Debug|Any CPU
		{307D2380-706D-4ACD-B70F-038042FC542F}.Debug|Any CPU.Build.0 = Debug|Any CPU
		{307D2380-706D-4ACD-B70F-038042FC542F}.Release|Any CPU.ActiveCfg = Release|Any CPU
		{307D2380-706D-4ACD-B70F-038042FC542F}.Release|Any CPU.Build.0 = Release|Any CPU
		{0C53A6F4-C201-4F9C-A897-412C2B36798F}.Debug|Any CPU.ActiveCfg = Debug|Any CPU
		{0C53A6F4-C201-4F9C-A897-412C2B36798F}.Debug|Any CPU.Build.0 = Debug|Any CPU
		{0C53A6F4-C201-4F9C-A897-412C2B36798F}.Release|Any CPU.ActiveCfg = Release|Any CPU
		{0C53A6F4-C201-4F9C-A897-412C2B36798F}.Release|Any CPU.Build.0 = Release|Any CPU
	EndGlobalSection
	GlobalSection(SolutionProperties) = preSolution
		HideSolutionNode = FALSE
	EndGlobalSection
	GlobalSection(ExtensibilityGlobals) = postSolution
		SolutionGuid = {238DC3EF-BBF2-4764-ABF9-6C3C69162A74}
	EndGlobalSection
EndGlobal
